PODS:
  - MXLCalendarManagerSwift (1.0.2)

DEPENDENCIES:
  - MXLCalendarManagerSwift

SPEC REPOS:
  https://github.com/cocoapods/specs.git:
    - MXLCalendarManagerSwift

SPEC CHECKSUMS:
  MXLCalendarManagerSwift: bf0539789aa93527902a145b7d628455c93f57f2

PODFILE CHECKSUM: a802c14838edd08348d69b9abb5888f729a5dc86

COCOAPODS: 1.6.1
