PODS:
  - iOSCalendarEventParser (0.0.5)
  - MXLCalendarManagerSwift (1.0.2)

DEPENDENCIES:
  - iOSCalendarEventParser
  - MXLCalendarManagerSwift

SPEC REPOS:
  https://github.com/cocoapods/specs.git:
    - iOSCalendarEventParser
    - MXLCalendarManagerSwift

SPEC CHECKSUMS:
  iOSCalendarEventParser: 81e2007fea1a44a9a2c5ab3cc09a6d4a1dde9b14
  MXLCalendarManagerSwift: bf0539789aa93527902a145b7d628455c93f57f2

PODFILE CHECKSUM: 327c5f1a45a8b3bf7191addb6193fffb37919811

COCOAPODS: 1.7.1
